{
  "originHash" : "dec4bf2128d1bc1bc2203d6765d11f11ed39ca080f849f2dadb4bb21b3553e97",
  "pins" : [
    {
      "identity" : "attribex",
      "kind" : "remoteSourceControl",
      "location" : "http://github.com/oliveware/Attribex",
      "state" : {
        "branch" : "main",
        "revision" : "b45ea794732dbd98bba1620c3ac24b2afd0d6687"
      }
    },
    {
      "identity" : "genericsite",
      "kind" : "remoteSourceControl",
      "location" : "https://github.com/oliveware/Genericsite",
      "state" : {
        "branch" : "main",
        "revision" : "917fe6985781772efcc5f5625d5846d60721af58"
      }
    },
    {
      "identity" : "oware",
      "kind" : "remoteSourceControl",
      "location" : "https://github.com/oliveware/Oware",
      "state" : {
        "branch" : "main",
        "revision" : "305977f9ced4af3e4bd8c11dd5c15862d312eb75"
      }
    },
    {
      "identity" : "putex",
      "kind" : "remoteSourceControl",
      "location" : "http://github.com/oliveware/Putex",
      "state" : {
        "branch" : "main",
        "revision" : "c9e02439d18686de7e7c85068159bb82c673765d"
      }
    },
    {
      "identity" : "semantex",
      "kind" : "remoteSourceControl",
      "location" : "http://github.com/oliveware/Semantex",
      "state" : {
        "branch" : "main",
        "revision" : "463d5e4f047dc2e4b518d85b75eef18636b69365"
      }
    }
  ],
  "version" : 3
}
